
Microsoft Visual Studio Solution File, Format Version 12.00
# Visual Studio Version 17
VisualStudioVersion = 17.4.33205.214
MinimumVisualStudioVersion = 10.0.40219.1
Project("{FAE04EC0-301F-11D3-BF4B-00C04F79EFBC}") = "OganiTemplate", "OganiTemplate\OganiTemplate.csproj", "{0BE3E084-D4D5-4F35-A1BB-6B8F62A53321}"
EndProject
Global
	GlobalSection(SolutionConfigurationPlatforms) = preSolution
		Debug|Any CPU = Debug|Any CPU
		Release|Any CPU = Release|Any CPU
	EndGlobalSection
	GlobalSection(ProjectConfigurationPlatforms) = postSolution
		{0BE3E084-D4D5-4F35-A1BB-6B8F62A53321}.Debug|Any CPU.ActiveCfg = Debug|Any CPU
		{0BE3E084-D4D5-4F35-A1BB-6B8F62A53321}.Debug|Any CPU.Build.0 = Debug|Any CPU
		{0BE3E084-D4D5-4F35-A1BB-6B8F62A53321}.Release|Any CPU.ActiveCfg = Release|Any CPU
		{0BE3E084-D4D5-4F35-A1BB-6B8F62A53321}.Release|Any CPU.Build.0 = Release|Any CPU
	EndGlobalSection
	GlobalSection(SolutionProperties) = preSolution
		HideSolutionNode = FALSE
	EndGlobalSection
	GlobalSection(ExtensibilityGlobals) = postSolution
		SolutionGuid = {848B4EE7-8402-4F9A-B320-9888F772C38A}
	EndGlobalSection
EndGlobal
